dependencies:
- name: ui
  repository: file://../ui
  version: 1.0.0
- name: post
  repository: file://../post
  version: 1.0.0
- name: comment
  repository: file://../comment
  version: 1.0.0
- name: mongodb
  repository: https://kubernetes-charts.storage.googleapis.com
  version: 7.2.8
digest: sha256:e0f1f5f6335fbf619af8448afc228ba29a934ef102e39e34208eeb788df051e8
generated: "2019-09-24T11:41:22.728333+07:00"
